
Microsoft Visual Studio Solution File, Format Version 12.00
# Visual Studio Version 17
VisualStudioVersion = 17.12.35521.163 d17.12
MinimumVisualStudioVersion = 10.0.40219.1
Project("{FAE04EC0-301F-11D3-BF4B-00C04F79EFBC}") = "ElectronicDeviceManager.EntityLayer", "ElectroDeviceManager.EntityLayer\ElectronicDeviceManager.EntityLayer.csproj", "{1D7DF1E9-6D71-405D-AEAC-C1ED35CEC9D5}"
EndProject
Project("{FAE04EC0-301F-11D3-BF4B-00C04F79EFBC}") = "ElectronicDeviceManager.DataAccessLayer", "ElectroDeviceManager.DataAccessLayer\ElectronicDeviceManager.DataAccessLayer.csproj", "{387CFDD6-07B2-4F96-87C1-DCEA27FB34A1}"
EndProject
Project("{FAE04EC0-301F-11D3-BF4B-00C04F79EFBC}") = "ElectronicDeviceManager.BusinessLayer", "ElectroDeviceManager.BusinessLayer\ElectronicDeviceManager.BusinessLayer.csproj", "{4A5E3746-1C83-4EFF-9F97-D42734D61854}"
EndProject
Project("{FAE04EC0-301F-11D3-BF4B-00C04F79EFBC}") = "ElectronicDeviceManager.DesktopUI", "ElectronicDeviceManager.DesktopUI\ElectronicDeviceManager.DesktopUI.csproj", "{298DA1B9-5C3A-40E5-ACB4-AC8E958413DE}"
EndProject
Global
	GlobalSection(SolutionConfigurationPlatforms) = preSolution
		Debug|Any CPU = Debug|Any CPU
		Release|Any CPU = Release|Any CPU
	EndGlobalSection
	GlobalSection(ProjectConfigurationPlatforms) = postSolution
		{1D7DF1E9-6D71-405D-AEAC-C1ED35CEC9D5}.Debug|Any CPU.ActiveCfg = Debug|Any CPU
		{1D7DF1E9-6D71-405D-AEAC-C1ED35CEC9D5}.Debug|Any CPU.Build.0 = Debug|Any CPU
		{1D7DF1E9-6D71-405D-AEAC-C1ED35CEC9D5}.Release|Any CPU.ActiveCfg = Release|Any CPU
		{1D7DF1E9-6D71-405D-AEAC-C1ED35CEC9D5}.Release|Any CPU.Build.0 = Release|Any CPU
		{387CFDD6-07B2-4F96-87C1-DCEA27FB34A1}.Debug|Any CPU.ActiveCfg = Debug|Any CPU
		{387CFDD6-07B2-4F96-87C1-DCEA27FB34A1}.Debug|Any CPU.Build.0 = Debug|Any CPU
		{387CFDD6-07B2-4F96-87C1-DCEA27FB34A1}.Release|Any CPU.ActiveCfg = Release|Any CPU
		{387CFDD6-07B2-4F96-87C1-DCEA27FB34A1}.Release|Any CPU.Build.0 = Release|Any CPU
		{4A5E3746-1C83-4EFF-9F97-D42734D61854}.Debug|Any CPU.ActiveCfg = Debug|Any CPU
		{4A5E3746-1C83-4EFF-9F97-D42734D61854}.Debug|Any CPU.Build.0 = Debug|Any CPU
		{4A5E3746-1C83-4EFF-9F97-D42734D61854}.Release|Any CPU.ActiveCfg = Release|Any CPU
		{4A5E3746-1C83-4EFF-9F97-D42734D61854}.Release|Any CPU.Build.0 = Release|Any CPU
		{298DA1B9-5C3A-40E5-ACB4-AC8E958413DE}.Debug|Any CPU.ActiveCfg = Debug|Any CPU
		{298DA1B9-5C3A-40E5-ACB4-AC8E958413DE}.Debug|Any CPU.Build.0 = Debug|Any CPU
		{298DA1B9-5C3A-40E5-ACB4-AC8E958413DE}.Release|Any CPU.ActiveCfg = Release|Any CPU
		{298DA1B9-5C3A-40E5-ACB4-AC8E958413DE}.Release|Any CPU.Build.0 = Release|Any CPU
	EndGlobalSection
	GlobalSection(SolutionProperties) = preSolution
		HideSolutionNode = FALSE
	EndGlobalSection
EndGlobal
